
Microsoft Visual Studio Solution File, Format Version 12.00
# Visual Studio Version 17
VisualStudioVersion = 17.0.31903.59
MinimumVisualStudioVersion = 10.0.40219.1
Project("{2150E333-8FDC-42A3-9474-1A3956D46DE8}") = "src", "src", "{827E0CD3-B72D-47B6-A68D-7590B98EB39B}"
EndProject
Project("{FAE04EC0-301F-11D3-BF4B-00C04F79EFBC}") = "JobHunt.Core", "src\JobHunt.Core\JobHunt.Core.csproj", "{AFEF61E5-6201-47D5-8175-8E6287280BA3}"
EndProject
Project("{FAE04EC0-301F-11D3-BF4B-00C04F79EFBC}") = "JobHunt.UI", "src\JobHunt.UI\JobHunt.UI.csproj", "{5A55D188-9BA8-4F62-88DC-BEE08C03E4F0}"
EndProject
Project("{FAE04EC0-301F-11D3-BF4B-00C04F79EFBC}") = "JobHunt.Infrastructure", "src\JobHunt.Infrastructure\JobHunt.Infrastructure.csproj", "{22D119B6-8952-4127-A510-9C3AC3C4E00F}"
EndProject
Global
	GlobalSection(SolutionConfigurationPlatforms) = preSolution
		Debug|Any CPU = Debug|Any CPU
		Debug|x64 = Debug|x64
		Debug|x86 = Debug|x86
		Release|Any CPU = Release|Any CPU
		Release|x64 = Release|x64
		Release|x86 = Release|x86
	EndGlobalSection
	GlobalSection(ProjectConfigurationPlatforms) = postSolution
		{AFEF61E5-6201-47D5-8175-8E6287280BA3}.Debug|Any CPU.ActiveCfg = Debug|Any CPU
		{AFEF61E5-6201-47D5-8175-8E6287280BA3}.Debug|Any CPU.Build.0 = Debug|Any CPU
		{AFEF61E5-6201-47D5-8175-8E6287280BA3}.Debug|x64.ActiveCfg = Debug|Any CPU
		{AFEF61E5-6201-47D5-8175-8E6287280BA3}.Debug|x64.Build.0 = Debug|Any CPU
		{AFEF61E5-6201-47D5-8175-8E6287280BA3}.Debug|x86.ActiveCfg = Debug|Any CPU
		{AFEF61E5-6201-47D5-8175-8E6287280BA3}.Debug|x86.Build.0 = Debug|Any CPU
		{AFEF61E5-6201-47D5-8175-8E6287280BA3}.Release|Any CPU.ActiveCfg = Release|Any CPU
		{AFEF61E5-6201-47D5-8175-8E6287280BA3}.Release|Any CPU.Build.0 = Release|Any CPU
		{AFEF61E5-6201-47D5-8175-8E6287280BA3}.Release|x64.ActiveCfg = Release|Any CPU
		{AFEF61E5-6201-47D5-8175-8E6287280BA3}.Release|x64.Build.0 = Release|Any CPU
		{AFEF61E5-6201-47D5-8175-8E6287280BA3}.Release|x86.ActiveCfg = Release|Any CPU
		{AFEF61E5-6201-47D5-8175-8E6287280BA3}.Release|x86.Build.0 = Release|Any CPU
		{5A55D188-9BA8-4F62-88DC-BEE08C03E4F0}.Debug|Any CPU.ActiveCfg = Debug|Any CPU
		{5A55D188-9BA8-4F62-88DC-BEE08C03E4F0}.Debug|Any CPU.Build.0 = Debug|Any CPU
		{5A55D188-9BA8-4F62-88DC-BEE08C03E4F0}.Debug|x64.ActiveCfg = Debug|Any CPU
		{5A55D188-9BA8-4F62-88DC-BEE08C03E4F0}.Debug|x64.Build.0 = Debug|Any CPU
		{5A55D188-9BA8-4F62-88DC-BEE08C03E4F0}.Debug|x86.ActiveCfg = Debug|Any CPU
		{5A55D188-9BA8-4F62-88DC-BEE08C03E4F0}.Debug|x86.Build.0 = Debug|Any CPU
		{5A55D188-9BA8-4F62-88DC-BEE08C03E4F0}.Release|Any CPU.ActiveCfg = Release|Any CPU
		{5A55D188-9BA8-4F62-88DC-BEE08C03E4F0}.Release|Any CPU.Build.0 = Release|Any CPU
		{5A55D188-9BA8-4F62-88DC-BEE08C03E4F0}.Release|x64.ActiveCfg = Release|Any CPU
		{5A55D188-9BA8-4F62-88DC-BEE08C03E4F0}.Release|x64.Build.0 = Release|Any CPU
		{5A55D188-9BA8-4F62-88DC-BEE08C03E4F0}.Release|x86.ActiveCfg = Release|Any CPU
		{5A55D188-9BA8-4F62-88DC-BEE08C03E4F0}.Release|x86.Build.0 = Release|Any CPU
		{22D119B6-8952-4127-A510-9C3AC3C4E00F}.Debug|Any CPU.ActiveCfg = Debug|Any CPU
		{22D119B6-8952-4127-A510-9C3AC3C4E00F}.Debug|Any CPU.Build.0 = Debug|Any CPU
		{22D119B6-8952-4127-A510-9C3AC3C4E00F}.Debug|x64.ActiveCfg = Debug|Any CPU
		{22D119B6-8952-4127-A510-9C3AC3C4E00F}.Debug|x64.Build.0 = Debug|Any CPU
		{22D119B6-8952-4127-A510-9C3AC3C4E00F}.Debug|x86.ActiveCfg = Debug|Any CPU
		{22D119B6-8952-4127-A510-9C3AC3C4E00F}.Debug|x86.Build.0 = Debug|Any CPU
		{22D119B6-8952-4127-A510-9C3AC3C4E00F}.Release|Any CPU.ActiveCfg = Release|Any CPU
		{22D119B6-8952-4127-A510-9C3AC3C4E00F}.Release|Any CPU.Build.0 = Release|Any CPU
		{22D119B6-8952-4127-A510-9C3AC3C4E00F}.Release|x64.ActiveCfg = Release|Any CPU
		{22D119B6-8952-4127-A510-9C3AC3C4E00F}.Release|x64.Build.0 = Release|Any CPU
		{22D119B6-8952-4127-A510-9C3AC3C4E00F}.Release|x86.ActiveCfg = Release|Any CPU
		{22D119B6-8952-4127-A510-9C3AC3C4E00F}.Release|x86.Build.0 = Release|Any CPU
	EndGlobalSection
	GlobalSection(SolutionProperties) = preSolution
		HideSolutionNode = FALSE
	EndGlobalSection
	GlobalSection(NestedProjects) = preSolution
		{AFEF61E5-6201-47D5-8175-8E6287280BA3} = {827E0CD3-B72D-47B6-A68D-7590B98EB39B}
		{5A55D188-9BA8-4F62-88DC-BEE08C03E4F0} = {827E0CD3-B72D-47B6-A68D-7590B98EB39B}
		{22D119B6-8952-4127-A510-9C3AC3C4E00F} = {827E0CD3-B72D-47B6-A68D-7590B98EB39B}
	EndGlobalSection
EndGlobal
